
Microsoft Visual Studio Solution File, Format Version 12.00
# Visual Studio 2012
Project("{8BC9CEB8-8B4A-11D0-8D11-00A0C91BC942}") = "leetcode", "leetcode_cpp\leetcode.vcxproj", "{50BE1923-9475-4928-91B2-5C42DBA8A092}"
EndProject
Global
	GlobalSection(SolutionConfigurationPlatforms) = preSolution
		Debug|Win32 = Debug|Win32
		Release|Win32 = Release|Win32
	EndGlobalSection
	GlobalSection(ProjectConfigurationPlatforms) = postSolution
		{50BE1923-9475-4928-91B2-5C42DBA8A092}.Debug|Win32.ActiveCfg = Debug|Win32
		{50BE1923-9475-4928-91B2-5C42DBA8A092}.Debug|Win32.Build.0 = Debug|Win32
		{50BE1923-9475-4928-91B2-5C42DBA8A092}.Release|Win32.ActiveCfg = Release|Win32
		{50BE1923-9475-4928-91B2-5C42DBA8A092}.Release|Win32.Build.0 = Release|Win32
	EndGlobalSection
	GlobalSection(SolutionProperties) = preSolution
		HideSolutionNode = FALSE
	EndGlobalSection
EndGlobal
